{
  "meteor": {},
  "dependencies": {
    "basePackages": {
      "iron-router": {},
      "scss": {}
    },
    "packages": {
      "iron-router": {
        "git": "https://github.com/EventedMind/iron-router.git",
        "commit": "4f55d0acc293abb4a9492229e8d2be0ec0e176c1"
      },
      "scss": {
        "git": "https://github.com/fourseven/meteor-scss.git",
        "tag": "v0.7.0",
        "commit": "39f60d58c2b890bdd897ef52188644f3093fc2ac"
      }
    }
  }
}
